
Microsoft Visual Studio Solution File, Format Version 12.00
# Visual Studio Version 16
VisualStudioVersion = 16.0.34114.132
MinimumVisualStudioVersion = 10.0.40219.1
Project("{9A19103F-16F7-4668-BE54-9A1E7A4F7556}") = "FirstApp", "FirstApp\FirstApp.csproj", "{DADEF2E0-EF63-4BA5-B05A-E98CA84AF49A}"
EndProject
Project("{9A19103F-16F7-4668-BE54-9A1E7A4F7556}") = "ConsoleApp1", "ConsoleApp1\ConsoleApp1.csproj", "{9EA4F761-A3E1-466B-8951-28218E5EFF39}"
EndProject
Project("{9A19103F-16F7-4668-BE54-9A1E7A4F7556}") = "ConsoleApp373", "ConsoleApp373\ConsoleApp373.csproj", "{36FE2FEA-01B1-4D85-AF88-89A0B318C5F2}"
EndProject
Project("{9A19103F-16F7-4668-BE54-9A1E7A4F7556}") = "ConsoleApp41", "ConsoleApp41\ConsoleApp41.csproj", "{1703E71F-4BE7-4B4D-97EA-96EC29101535}"
EndProject
Project("{9A19103F-16F7-4668-BE54-9A1E7A4F7556}") = "ConsoleApp42", "ConsoleApp42\ConsoleApp42.csproj", "{6BCF7186-D0F1-48C6-B51F-848A63C599AB}"
EndProject
Project("{9A19103F-16F7-4668-BE54-9A1E7A4F7556}") = "ConsoleApp43", "ConsoleApp43\ConsoleApp43.csproj", "{699E4735-B538-421C-8CBB-AA20DE0583BB}"
EndProject
Project("{9A19103F-16F7-4668-BE54-9A1E7A4F7556}") = "ConsoleApp437", "ConsoleApp437\ConsoleApp437.csproj", "{E7394F60-9813-4330-A44F-7054A1F569A5}"
EndProject
Project("{9A19103F-16F7-4668-BE54-9A1E7A4F7556}") = "ConsoleApp439", "ConsoleApp439\ConsoleApp439.csproj", "{2367F385-0246-407C-A134-4906581F32AB}"
EndProject
Project("{9A19103F-16F7-4668-BE54-9A1E7A4F7556}") = "ConsoleApp4311", "ConsoleApp4311\ConsoleApp4311.csproj", "{D3108F86-BE73-4C28-9B88-50DB2B95ACC5}"
EndProject
Project("{9A19103F-16F7-4668-BE54-9A1E7A4F7556}") = "ConsoleApp4312sort", "ConsoleApp4312\ConsoleApp4312sort.csproj", "{B58CD4BE-119E-45D2-828E-B750EBA85A5E}"
EndProject
Project("{2150E333-8FDC-42A3-9474-1A3956D46DE8}") = "Solution Items", "Solution Items", "{50739B0E-4153-4651-B4AF-87533BFB31F1}"
EndProject
Project("{9A19103F-16F7-4668-BE54-9A1E7A4F7556}") = "ConsoleApp4313sm", "ConsoleApp4313sm\ConsoleApp4313sm.csproj", "{70F5E069-E435-4A7A-BAF1-21D7EAE0975A}"
EndProject
Project("{9A19103F-16F7-4668-BE54-9A1E7A4F7556}") = "ConsoleApp43next", "ConsoleApp43next\ConsoleApp43next.csproj", "{7437F568-A894-400E-92AA-F90F1BD17880}"
EndProject
Project("{9A19103F-16F7-4668-BE54-9A1E7A4F7556}") = "ConsoleApp4314", "ConsoleApp4314\ConsoleApp4314.csproj", "{AB6B4D96-FAA2-4C6E-86DB-9AB9BEB344BE}"
EndProject
Project("{9A19103F-16F7-4668-BE54-9A1E7A4F7556}") = "ConsoleApp4315", "ConsoleApp4315\ConsoleApp4315.csproj", "{2C67E96D-C840-47ED-B1D3-5A5106756A48}"
EndProject
Project("{9A19103F-16F7-4668-BE54-9A1E7A4F7556}") = "ConsoleApp4316", "ConsoleApp4316\ConsoleApp4316.csproj", "{65D9689D-2710-4098-B4C2-ACE2544A06F1}"
EndProject
Project("{9A19103F-16F7-4668-BE54-9A1E7A4F7556}") = "ConsoleApp4317", "ConsoleApp4317\ConsoleApp4317.csproj", "{C8B742A6-E274-45C0-910F-9063A5FF1849}"
EndProject
Project("{9A19103F-16F7-4668-BE54-9A1E7A4F7556}") = "ConsoleApp441", "ConsoleApp441\ConsoleApp441.csproj", "{4F6729FA-2437-4CE3-B745-EB15CE70C53A}"
EndProject
Project("{9A19103F-16F7-4668-BE54-9A1E7A4F7556}") = "ConsoleApp442", "ConsoleApp442\ConsoleApp442.csproj", "{58C8FDD9-A31D-4F97-BA8E-ABB31C322402}"
EndProject
Project("{9A19103F-16F7-4668-BE54-9A1E7A4F7556}") = "ConsoleApp443", "ConsoleApp443\ConsoleApp443.csproj", "{F6D84F28-2A85-4EAC-9134-E40CE8C73C57}"
EndProject
Project("{9A19103F-16F7-4668-BE54-9A1E7A4F7556}") = "ConsoleApp445", "ConsoleApp445\ConsoleApp445.csproj", "{C1BFC55F-0EDD-4E00-99DE-BB929A899C43}"
EndProject
Project("{9A19103F-16F7-4668-BE54-9A1E7A4F7556}") = "ConsoleApp45full", "ConsoleApp454\ConsoleApp45full.csproj", "{0136502D-A512-4DBA-97C7-F773FDD53F7B}"
EndProject
Global
	GlobalSection(SolutionConfigurationPlatforms) = preSolution
		Debug|Any CPU = Debug|Any CPU
		Release|Any CPU = Release|Any CPU
	EndGlobalSection
	GlobalSection(ProjectConfigurationPlatforms) = postSolution
		{DADEF2E0-EF63-4BA5-B05A-E98CA84AF49A}.Debug|Any CPU.ActiveCfg = Debug|Any CPU
		{DADEF2E0-EF63-4BA5-B05A-E98CA84AF49A}.Debug|Any CPU.Build.0 = Debug|Any CPU
		{DADEF2E0-EF63-4BA5-B05A-E98CA84AF49A}.Release|Any CPU.ActiveCfg = Release|Any CPU
		{DADEF2E0-EF63-4BA5-B05A-E98CA84AF49A}.Release|Any CPU.Build.0 = Release|Any CPU
		{9EA4F761-A3E1-466B-8951-28218E5EFF39}.Debug|Any CPU.ActiveCfg = Debug|Any CPU
		{9EA4F761-A3E1-466B-8951-28218E5EFF39}.Debug|Any CPU.Build.0 = Debug|Any CPU
		{9EA4F761-A3E1-466B-8951-28218E5EFF39}.Release|Any CPU.ActiveCfg = Release|Any CPU
		{9EA4F761-A3E1-466B-8951-28218E5EFF39}.Release|Any CPU.Build.0 = Release|Any CPU
		{36FE2FEA-01B1-4D85-AF88-89A0B318C5F2}.Debug|Any CPU.ActiveCfg = Debug|Any CPU
		{36FE2FEA-01B1-4D85-AF88-89A0B318C5F2}.Debug|Any CPU.Build.0 = Debug|Any CPU
		{36FE2FEA-01B1-4D85-AF88-89A0B318C5F2}.Release|Any CPU.ActiveCfg = Release|Any CPU
		{36FE2FEA-01B1-4D85-AF88-89A0B318C5F2}.Release|Any CPU.Build.0 = Release|Any CPU
		{1703E71F-4BE7-4B4D-97EA-96EC29101535}.Debug|Any CPU.ActiveCfg = Debug|Any CPU
		{1703E71F-4BE7-4B4D-97EA-96EC29101535}.Debug|Any CPU.Build.0 = Debug|Any CPU
		{1703E71F-4BE7-4B4D-97EA-96EC29101535}.Release|Any CPU.ActiveCfg = Release|Any CPU
		{1703E71F-4BE7-4B4D-97EA-96EC29101535}.Release|Any CPU.Build.0 = Release|Any CPU
		{6BCF7186-D0F1-48C6-B51F-848A63C599AB}.Debug|Any CPU.ActiveCfg = Debug|Any CPU
		{6BCF7186-D0F1-48C6-B51F-848A63C599AB}.Debug|Any CPU.Build.0 = Debug|Any CPU
		{6BCF7186-D0F1-48C6-B51F-848A63C599AB}.Release|Any CPU.ActiveCfg = Release|Any CPU
		{6BCF7186-D0F1-48C6-B51F-848A63C599AB}.Release|Any CPU.Build.0 = Release|Any CPU
		{699E4735-B538-421C-8CBB-AA20DE0583BB}.Debug|Any CPU.ActiveCfg = Debug|Any CPU
		{699E4735-B538-421C-8CBB-AA20DE0583BB}.Debug|Any CPU.Build.0 = Debug|Any CPU
		{699E4735-B538-421C-8CBB-AA20DE0583BB}.Release|Any CPU.ActiveCfg = Release|Any CPU
		{699E4735-B538-421C-8CBB-AA20DE0583BB}.Release|Any CPU.Build.0 = Release|Any CPU
		{E7394F60-9813-4330-A44F-7054A1F569A5}.Debug|Any CPU.ActiveCfg = Debug|Any CPU
		{E7394F60-9813-4330-A44F-7054A1F569A5}.Debug|Any CPU.Build.0 = Debug|Any CPU
		{E7394F60-9813-4330-A44F-7054A1F569A5}.Release|Any CPU.ActiveCfg = Release|Any CPU
		{E7394F60-9813-4330-A44F-7054A1F569A5}.Release|Any CPU.Build.0 = Release|Any CPU
		{2367F385-0246-407C-A134-4906581F32AB}.Debug|Any CPU.ActiveCfg = Debug|Any CPU
		{2367F385-0246-407C-A134-4906581F32AB}.Debug|Any CPU.Build.0 = Debug|Any CPU
		{2367F385-0246-407C-A134-4906581F32AB}.Release|Any CPU.ActiveCfg = Release|Any CPU
		{2367F385-0246-407C-A134-4906581F32AB}.Release|Any CPU.Build.0 = Release|Any CPU
		{D3108F86-BE73-4C28-9B88-50DB2B95ACC5}.Debug|Any CPU.ActiveCfg = Debug|Any CPU
		{D3108F86-BE73-4C28-9B88-50DB2B95ACC5}.Debug|Any CPU.Build.0 = Debug|Any CPU
		{D3108F86-BE73-4C28-9B88-50DB2B95ACC5}.Release|Any CPU.ActiveCfg = Release|Any CPU
		{D3108F86-BE73-4C28-9B88-50DB2B95ACC5}.Release|Any CPU.Build.0 = Release|Any CPU
		{B58CD4BE-119E-45D2-828E-B750EBA85A5E}.Debug|Any CPU.ActiveCfg = Debug|Any CPU
		{B58CD4BE-119E-45D2-828E-B750EBA85A5E}.Debug|Any CPU.Build.0 = Debug|Any CPU
		{B58CD4BE-119E-45D2-828E-B750EBA85A5E}.Release|Any CPU.ActiveCfg = Release|Any CPU
		{B58CD4BE-119E-45D2-828E-B750EBA85A5E}.Release|Any CPU.Build.0 = Release|Any CPU
		{70F5E069-E435-4A7A-BAF1-21D7EAE0975A}.Debug|Any CPU.ActiveCfg = Debug|Any CPU
		{70F5E069-E435-4A7A-BAF1-21D7EAE0975A}.Debug|Any CPU.Build.0 = Debug|Any CPU
		{70F5E069-E435-4A7A-BAF1-21D7EAE0975A}.Release|Any CPU.ActiveCfg = Release|Any CPU
		{70F5E069-E435-4A7A-BAF1-21D7EAE0975A}.Release|Any CPU.Build.0 = Release|Any CPU
		{7437F568-A894-400E-92AA-F90F1BD17880}.Debug|Any CPU.ActiveCfg = Debug|Any CPU
		{7437F568-A894-400E-92AA-F90F1BD17880}.Debug|Any CPU.Build.0 = Debug|Any CPU
		{7437F568-A894-400E-92AA-F90F1BD17880}.Release|Any CPU.ActiveCfg = Release|Any CPU
		{7437F568-A894-400E-92AA-F90F1BD17880}.Release|Any CPU.Build.0 = Release|Any CPU
		{AB6B4D96-FAA2-4C6E-86DB-9AB9BEB344BE}.Debug|Any CPU.ActiveCfg = Debug|Any CPU
		{AB6B4D96-FAA2-4C6E-86DB-9AB9BEB344BE}.Debug|Any CPU.Build.0 = Debug|Any CPU
		{AB6B4D96-FAA2-4C6E-86DB-9AB9BEB344BE}.Release|Any CPU.ActiveCfg = Release|Any CPU
		{AB6B4D96-FAA2-4C6E-86DB-9AB9BEB344BE}.Release|Any CPU.Build.0 = Release|Any CPU
		{2C67E96D-C840-47ED-B1D3-5A5106756A48}.Debug|Any CPU.ActiveCfg = Debug|Any CPU
		{2C67E96D-C840-47ED-B1D3-5A5106756A48}.Debug|Any CPU.Build.0 = Debug|Any CPU
		{2C67E96D-C840-47ED-B1D3-5A5106756A48}.Release|Any CPU.ActiveCfg = Release|Any CPU
		{2C67E96D-C840-47ED-B1D3-5A5106756A48}.Release|Any CPU.Build.0 = Release|Any CPU
		{65D9689D-2710-4098-B4C2-ACE2544A06F1}.Debug|Any CPU.ActiveCfg = Debug|Any CPU
		{65D9689D-2710-4098-B4C2-ACE2544A06F1}.Debug|Any CPU.Build.0 = Debug|Any CPU
		{65D9689D-2710-4098-B4C2-ACE2544A06F1}.Release|Any CPU.ActiveCfg = Release|Any CPU
		{65D9689D-2710-4098-B4C2-ACE2544A06F1}.Release|Any CPU.Build.0 = Release|Any CPU
		{C8B742A6-E274-45C0-910F-9063A5FF1849}.Debug|Any CPU.ActiveCfg = Debug|Any CPU
		{C8B742A6-E274-45C0-910F-9063A5FF1849}.Debug|Any CPU.Build.0 = Debug|Any CPU
		{C8B742A6-E274-45C0-910F-9063A5FF1849}.Release|Any CPU.ActiveCfg = Release|Any CPU
		{C8B742A6-E274-45C0-910F-9063A5FF1849}.Release|Any CPU.Build.0 = Release|Any CPU
		{4F6729FA-2437-4CE3-B745-EB15CE70C53A}.Debug|Any CPU.ActiveCfg = Debug|Any CPU
		{4F6729FA-2437-4CE3-B745-EB15CE70C53A}.Debug|Any CPU.Build.0 = Debug|Any CPU
		{4F6729FA-2437-4CE3-B745-EB15CE70C53A}.Release|Any CPU.ActiveCfg = Release|Any CPU
		{4F6729FA-2437-4CE3-B745-EB15CE70C53A}.Release|Any CPU.Build.0 = Release|Any CPU
		{58C8FDD9-A31D-4F97-BA8E-ABB31C322402}.Debug|Any CPU.ActiveCfg = Debug|Any CPU
		{58C8FDD9-A31D-4F97-BA8E-ABB31C322402}.Debug|Any CPU.Build.0 = Debug|Any CPU
		{58C8FDD9-A31D-4F97-BA8E-ABB31C322402}.Release|Any CPU.ActiveCfg = Release|Any CPU
		{58C8FDD9-A31D-4F97-BA8E-ABB31C322402}.Release|Any CPU.Build.0 = Release|Any CPU
		{F6D84F28-2A85-4EAC-9134-E40CE8C73C57}.Debug|Any CPU.ActiveCfg = Debug|Any CPU
		{F6D84F28-2A85-4EAC-9134-E40CE8C73C57}.Debug|Any CPU.Build.0 = Debug|Any CPU
		{F6D84F28-2A85-4EAC-9134-E40CE8C73C57}.Release|Any CPU.ActiveCfg = Release|Any CPU
		{F6D84F28-2A85-4EAC-9134-E40CE8C73C57}.Release|Any CPU.Build.0 = Release|Any CPU
		{C1BFC55F-0EDD-4E00-99DE-BB929A899C43}.Debug|Any CPU.ActiveCfg = Debug|Any CPU
		{C1BFC55F-0EDD-4E00-99DE-BB929A899C43}.Debug|Any CPU.Build.0 = Debug|Any CPU
		{C1BFC55F-0EDD-4E00-99DE-BB929A899C43}.Release|Any CPU.ActiveCfg = Release|Any CPU
		{C1BFC55F-0EDD-4E00-99DE-BB929A899C43}.Release|Any CPU.Build.0 = Release|Any CPU
		{0136502D-A512-4DBA-97C7-F773FDD53F7B}.Debug|Any CPU.ActiveCfg = Debug|Any CPU
		{0136502D-A512-4DBA-97C7-F773FDD53F7B}.Debug|Any CPU.Build.0 = Debug|Any CPU
		{0136502D-A512-4DBA-97C7-F773FDD53F7B}.Release|Any CPU.ActiveCfg = Release|Any CPU
		{0136502D-A512-4DBA-97C7-F773FDD53F7B}.Release|Any CPU.Build.0 = Release|Any CPU
	EndGlobalSection
	GlobalSection(SolutionProperties) = preSolution
		HideSolutionNode = FALSE
	EndGlobalSection
	GlobalSection(ExtensibilityGlobals) = postSolution
		SolutionGuid = {7D09B201-6905-42E9-9559-1820BE6833D6}
	EndGlobalSection
EndGlobal
